{
  "version": "5",
  "specifiers": {
    "jsr:@std/encoding@1": "1.0.10",
    "npm:pyodide@0.28.3": "0.28.3"
  },
  "jsr": {
    "@std/encoding@1.0.10": {
      "integrity": "8783c6384a2d13abd5e9e87a7ae0520a30e9f56aeeaa3bdf910a3eaaf5c811a1"
    }
  },
  "npm": {
    "pyodide@0.28.3": {
      "integrity": "sha512-rtCsyTU55oNGpLzSVuAd55ZvruJDEX8o6keSdWKN9jPeBVSNlynaKFG7eRqkiIgU7i2M6HEgYtm0atCEQX3u4A==",
      "dependencies": [
        "ws"
      ]
    },
    "ws@8.21.0": {
      "integrity": "sha512-Vsp28b7DRcimFQvrqu2Wek3z1iYxDCWqHYB8Qsnk/S4RfaCQzPGPyBNuVjJV3cd6UiKtUtp6sNM77gWvzcCH+g=="
    }
  },
  "workspace": {
    "dependencies": [
      "jsr:@std/encoding@1",
      "npm:pyodide@0.28.3"
    ]
  }
}
